
Microsoft Visual Studio Solution File, Format Version 12.00
# Visual Studio Version 16
VisualStudioVersion = 16.0.29509.3
MinimumVisualStudioVersion = 10.0.40219.1
Project("{FAE04EC0-301F-11D3-BF4B-00C04F79EFBC}") = "ConsoleAppLab5_2", "ConsoleAppLab5_2\ConsoleAppLab5_2.csproj", "{C2280B6A-896E-4BDB-9C95-62F04D950336}"
EndProject
Global
	GlobalSection(SolutionConfigurationPlatforms) = preSolution
		Debug|Any CPU = Debug|Any CPU
		Release|Any CPU = Release|Any CPU
	EndGlobalSection
	GlobalSection(ProjectConfigurationPlatforms) = postSolution
		{C2280B6A-896E-4BDB-9C95-62F04D950336}.Debug|Any CPU.ActiveCfg = Debug|Any CPU
		{C2280B6A-896E-4BDB-9C95-62F04D950336}.Debug|Any CPU.Build.0 = Debug|Any CPU
		{C2280B6A-896E-4BDB-9C95-62F04D950336}.Release|Any CPU.ActiveCfg = Release|Any CPU
		{C2280B6A-896E-4BDB-9C95-62F04D950336}.Release|Any CPU.Build.0 = Release|Any CPU
	EndGlobalSection
	GlobalSection(SolutionProperties) = preSolution
		HideSolutionNode = FALSE
	EndGlobalSection
	GlobalSection(ExtensibilityGlobals) = postSolution
		SolutionGuid = {0BB50E70-1644-4369-84F4-70AF3088A4FA}
	EndGlobalSection
EndGlobal
