
Microsoft Visual Studio Solution File, Format Version 12.00
# Visual Studio Version 16
VisualStudioVersion = 16.0.29509.3
MinimumVisualStudioVersion = 10.0.40219.1
Project("{FAE04EC0-301F-11D3-BF4B-00C04F79EFBC}") = "ConsoleApp1", "ConsoleApp1\ConsoleApp1.csproj", "{AEAA685D-7FD2-44E4-8CC2-077CD21C3804}"
EndProject
Global
	GlobalSection(SolutionConfigurationPlatforms) = preSolution
		Debug|Any CPU = Debug|Any CPU
		Release|Any CPU = Release|Any CPU
	EndGlobalSection
	GlobalSection(ProjectConfigurationPlatforms) = postSolution
		{AEAA685D-7FD2-44E4-8CC2-077CD21C3804}.Debug|Any CPU.ActiveCfg = Debug|Any CPU
		{AEAA685D-7FD2-44E4-8CC2-077CD21C3804}.Debug|Any CPU.Build.0 = Debug|Any CPU
		{AEAA685D-7FD2-44E4-8CC2-077CD21C3804}.Release|Any CPU.ActiveCfg = Release|Any CPU
		{AEAA685D-7FD2-44E4-8CC2-077CD21C3804}.Release|Any CPU.Build.0 = Release|Any CPU
	EndGlobalSection
	GlobalSection(SolutionProperties) = preSolution
		HideSolutionNode = FALSE
	EndGlobalSection
	GlobalSection(ExtensibilityGlobals) = postSolution
		SolutionGuid = {801CE7A3-4ED1-417E-A772-50D76C5FBCFD}
	EndGlobalSection
EndGlobal
