
Microsoft Visual Studio Solution File, Format Version 12.00
# Visual Studio Version 16
VisualStudioVersion = 16.0.29509.3
MinimumVisualStudioVersion = 10.0.40219.1
Project("{FAE04EC0-301F-11D3-BF4B-00C04F79EFBC}") = "ConsoleAppLab4_6", "ConsoleAppLab4_6\ConsoleAppLab4_6.csproj", "{4081DED6-A1BD-4771-8DA6-14BD1DD21D65}"
EndProject
Global
	GlobalSection(SolutionConfigurationPlatforms) = preSolution
		Debug|Any CPU = Debug|Any CPU
		Release|Any CPU = Release|Any CPU
	EndGlobalSection
	GlobalSection(ProjectConfigurationPlatforms) = postSolution
		{4081DED6-A1BD-4771-8DA6-14BD1DD21D65}.Debug|Any CPU.ActiveCfg = Debug|Any CPU
		{4081DED6-A1BD-4771-8DA6-14BD1DD21D65}.Debug|Any CPU.Build.0 = Debug|Any CPU
		{4081DED6-A1BD-4771-8DA6-14BD1DD21D65}.Release|Any CPU.ActiveCfg = Release|Any CPU
		{4081DED6-A1BD-4771-8DA6-14BD1DD21D65}.Release|Any CPU.Build.0 = Release|Any CPU
	EndGlobalSection
	GlobalSection(SolutionProperties) = preSolution
		HideSolutionNode = FALSE
	EndGlobalSection
	GlobalSection(ExtensibilityGlobals) = postSolution
		SolutionGuid = {95EBE5F0-1756-48AF-8511-8C6327D2B4DE}
	EndGlobalSection
EndGlobal
