
Microsoft Visual Studio Solution File, Format Version 12.00
# Visual Studio Version 16
VisualStudioVersion = 16.0.29509.3
MinimumVisualStudioVersion = 10.0.40219.1
Project("{FAE04EC0-301F-11D3-BF4B-00C04F79EFBC}") = "ConsoleAppLesson9", "ConsoleAppLesson9\ConsoleAppLesson9.csproj", "{E30897C0-C621-46BC-B5DA-59755E6BD415}"
EndProject
Global
	GlobalSection(SolutionConfigurationPlatforms) = preSolution
		Debug|Any CPU = Debug|Any CPU
		Release|Any CPU = Release|Any CPU
	EndGlobalSection
	GlobalSection(ProjectConfigurationPlatforms) = postSolution
		{E30897C0-C621-46BC-B5DA-59755E6BD415}.Debug|Any CPU.ActiveCfg = Debug|Any CPU
		{E30897C0-C621-46BC-B5DA-59755E6BD415}.Debug|Any CPU.Build.0 = Debug|Any CPU
		{E30897C0-C621-46BC-B5DA-59755E6BD415}.Release|Any CPU.ActiveCfg = Release|Any CPU
		{E30897C0-C621-46BC-B5DA-59755E6BD415}.Release|Any CPU.Build.0 = Release|Any CPU
	EndGlobalSection
	GlobalSection(SolutionProperties) = preSolution
		HideSolutionNode = FALSE
	EndGlobalSection
	GlobalSection(ExtensibilityGlobals) = postSolution
		SolutionGuid = {F65A8253-813A-4A40-84D8-89F7B027F3C6}
	EndGlobalSection
EndGlobal
