
Microsoft Visual Studio Solution File, Format Version 12.00
# Visual Studio Version 16
VisualStudioVersion = 16.0.29509.3
MinimumVisualStudioVersion = 10.0.40219.1
Project("{FAE04EC0-301F-11D3-BF4B-00C04F79EFBC}") = "ConsoleAppLAB5_4", "ConsoleAppLAB5_4\ConsoleAppLAB5_4.csproj", "{45BF0EAF-B1FF-493E-B155-F774BA70C14A}"
EndProject
Global
	GlobalSection(SolutionConfigurationPlatforms) = preSolution
		Debug|Any CPU = Debug|Any CPU
		Release|Any CPU = Release|Any CPU
	EndGlobalSection
	GlobalSection(ProjectConfigurationPlatforms) = postSolution
		{45BF0EAF-B1FF-493E-B155-F774BA70C14A}.Debug|Any CPU.ActiveCfg = Debug|Any CPU
		{45BF0EAF-B1FF-493E-B155-F774BA70C14A}.Debug|Any CPU.Build.0 = Debug|Any CPU
		{45BF0EAF-B1FF-493E-B155-F774BA70C14A}.Release|Any CPU.ActiveCfg = Release|Any CPU
		{45BF0EAF-B1FF-493E-B155-F774BA70C14A}.Release|Any CPU.Build.0 = Release|Any CPU
	EndGlobalSection
	GlobalSection(SolutionProperties) = preSolution
		HideSolutionNode = FALSE
	EndGlobalSection
	GlobalSection(ExtensibilityGlobals) = postSolution
		SolutionGuid = {07E2F8E0-8903-4A2B-B0DF-072AC8626205}
	EndGlobalSection
EndGlobal
